lockfileVersion: '9.0'

settings:
  autoInstallPeers: true
  excludeLinksFromLockfile: false

importers:

  .:
    dependencies:
      '@swc/core':
        specifier: ^1.5.7
        version: 1.5.7
    devDependencies:
      c8:
        specifier: ^9.1.0
        version: 9.1.0
      denolint:
        specifier: ^2.0.14
        version: 2.0.14
      rollup:
        specifier: ^4.18.0
        version: 4.18.0
      tehanu:
        specifier: ^1.0.1
        version: 1.0.1
      tehanu-repo-coco:
        specifier: ^1.0.1
        version: 1.0.1

packages:

  '@bcoe/v8-coverage@0.2.3':
    resolution: {integrity: sha512-0hYQ8SB4Db5zvZB4axdMHGwEaQjkZzFjQiN9LVYvIFB2nSUHW9tYpxWriPrWDASIxiaXax83REcLxuSdnGPZtw==}

  '@denolint/denolint-darwin-arm64@2.0.14':
    resolution: {integrity: sha512-ptYoc5sq8pekFr8LoruOfPzoa40L1z2CydhPmWs4317vB8KDJrqcMXmJ4heWGBJ6rK1yBBrnLj2j5GdgasYsxA==}
    engines: {node: '>= 12'}
    cpu: [arm64]
    os: [darwin]

  '@denolint/denolint-darwin-x64@2.0.14':
    resolution: {integrity: sha512-WnkINm2LDGouIp0t5VXeIr6MP3JUCLe5whYZyR3LjuYDYDPobkVqyX+crYRyBouPRYzYOAeXpl1Zxs/Qq02x+Q==}
    engines: {node: '>= 12'}
    cpu: [x64]
    os: [darwin]

  '@denolint/denolint-freebsd-x64@2.0.14':
    resolution: {integrity: sha512-ejcCeNimvGIPxlgHjmueBL/z86yuSrj6PBkit8gkWaJxj78gbVu447IajE+2Iz9KLuQJYbZpUDfd4elFTVt+WQ==}
    engines: {node: '>= 12'}
    cpu: [x64]
    os: [freebsd]

  '@denolint/denolint-linux-arm-gnueabihf@2.0.14':
    resolution: {integrity: sha512-2yAbbnsg5B+r3N6aGrHy1IhSV1mYpUjCdVY0jw+Xg8Cf4qbTZRLVL58MVvvYCrfqcR9/I/NTb3GZyfYulhTiPA==}
    engines: {node: '>= 12'}
    cpu: [arm]
    os: [linux]

  '@denolint/denolint-linux-arm64-gnu@2.0.14':
    resolution: {integrity: sha512-MEoZv2CYpOpU2tc2LfbNNGx2XXvC0v6sKq7igoh4F3abMexDUK3hHN0lEX6t7sVOwFdTiWDkVJK8f6V4vEET+w==}
    engines: {node: '>= 12'}
    cpu: [arm64]
    os: [linux]

  '@denolint/denolint-linux-x64-gnu@2.0.14':
    resolution: {integrity: sha512-SsLMLIDUs2wCUYGEx84rg0vRV33MBWoORiZbUN7qHjbkwhnGAyrxkv+in+WZNeZvVX8wdcMyQIs2XZoh6DhWaQ==}
    engines: {node: '>= 12'}
    cpu: [x64]
    os: [linux]

  '@denolint/denolint-linux-x64-musl@2.0.14':
    resolution: {integrity: sha512-uPxjrU+k0TqSv6OaNt8XWiM8uvKKGWbD/21wyN0n/e9sb/BdRjq01hxlQoYsbNmzumAmduI0u/3Dq01/nnxunA==}
    engines: {node: '>= 12'}
    cpu: [x64]
    os: [linux]

  '@denolint/denolint-win32-arm64-msvc@2.0.14':
    resolution: {integrity: sha512-LMT2qEBxz49A08x9z1ED0v0J3op0ohYj+ATi0k0kjrlUlOpzhR8mDywMdgagp2lRo0KZMKhWI6fDwoP+pkN2GA==}
    engines: {node: '>= 12'}
    cpu: [arm64]
    os: [win32]

  '@denolint/denolint-win32-ia32-msvc@2.0.14':
    resolution: {integrity: sha512-lrcaZOj7A+c8ETFSRMQ4p90Z7GmLjz/3Fd4zfyP0vySsW2fI1CbuKlgrejnThIa2VtmNBaVHdGgXf4TYiPSEtQ==}
    engines: {node: '>= 12'}
    cpu: [ia32]
    os: [win32]

  '@denolint/denolint-win32-x64-msvc@2.0.14':
    resolution: {integrity: sha512-vkuUNzpMuY+1TS7xL/GFKYFY0BUEvdCFMlPGVVVw272WhpHZHk2BE7SkfGxwbgAUTxUacPGprD9+D1Y1jcXiww==}
    engines: {node: '>= 12'}
    cpu: [x64]
    os: [win32]

  '@istanbuljs/schema@0.1.3':
    resolution: {integrity: sha512-ZXRY4jNvVgSVQ8DL3LTcakaAtXwTVUxE81hslsyD2AtoXW/wVob10HkOJ1X/pAlcI7D+2YoZKg5do8G/w6RYgA==}
    engines: {node: '>=8'}

  '@jridgewell/resolve-uri@3.1.0':
    resolution: {integrity: sha512-F2msla3tad+Mfht5cJq7LSXcdudKTWCVYUgw6pLFOOHSTtZlj6SWNYAp+AhuqLmWdBO2X5hPrLcu8cVP8fy28w==}
    engines: {node: '>=6.0.0'}

  '@jridgewell/sourcemap-codec@1.4.14':
    resolution: {integrity: sha512-XPSJHWmi394fuUuzDnGz1wiKqWfo1yXecHQMRf2l6hztTO+nPru658AyDngaBe7isIxEkRsPR3FZh+s7iVa4Uw==}

  '@jridgewell/trace-mapping@0.3.17':
    resolution: {integrity: sha512-MCNzAp77qzKca9+W/+I0+sEpaUnZoeasnghNeVc41VZCEKaCH73Vq3BZZ/SzWIgrqE4H4ceI+p+b6C0mHf9T4g==}

  '@rollup/rollup-android-arm-eabi@4.18.0':
    resolution: {integrity: sha512-Tya6xypR10giZV1XzxmH5wr25VcZSncG0pZIjfePT0OVBvqNEurzValetGNarVrGiq66EBVAFn15iYX4w6FKgQ==}
    cpu: [arm]
    os: [android]

  '@rollup/rollup-android-arm64@4.18.0':
    resolution: {integrity: sha512-avCea0RAP03lTsDhEyfy+hpfr85KfyTctMADqHVhLAF3MlIkq83CP8UfAHUssgXTYd+6er6PaAhx/QGv4L1EiA==}
    cpu: [arm64]
    os: [android]

  '@rollup/rollup-darwin-arm64@4.18.0':
    resolution: {integrity: sha512-IWfdwU7KDSm07Ty0PuA/W2JYoZ4iTj3TUQjkVsO/6U+4I1jN5lcR71ZEvRh52sDOERdnNhhHU57UITXz5jC1/w==}
    cpu: [arm64]
    os: [darwin]

  '@rollup/rollup-darwin-x64@4.18.0':
    resolution: {integrity: sha512-n2LMsUz7Ynu7DoQrSQkBf8iNrjOGyPLrdSg802vk6XT3FtsgX6JbE8IHRvposskFm9SNxzkLYGSq9QdpLYpRNA==}
    cpu: [x64]
    os: [darwin]

  '@rollup/rollup-linux-arm-gnueabihf@4.18.0':
    resolution: {integrity: sha512-C/zbRYRXFjWvz9Z4haRxcTdnkPt1BtCkz+7RtBSuNmKzMzp3ZxdM28Mpccn6pt28/UWUCTXa+b0Mx1k3g6NOMA==}
    cpu: [arm]
    os: [linux]

  '@rollup/rollup-linux-arm-musleabihf@4.18.0':
    resolution: {integrity: sha512-l3m9ewPgjQSXrUMHg93vt0hYCGnrMOcUpTz6FLtbwljo2HluS4zTXFy2571YQbisTnfTKPZ01u/ukJdQTLGh9A==}
    cpu: [arm]
    os: [linux]

  '@rollup/rollup-linux-arm64-gnu@4.18.0':
    resolution: {integrity: sha512-rJ5D47d8WD7J+7STKdCUAgmQk49xuFrRi9pZkWoRD1UeSMakbcepWXPF8ycChBoAqs1pb2wzvbY6Q33WmN2ftw==}
    cpu: [arm64]
    os: [linux]

  '@rollup/rollup-linux-arm64-musl@4.18.0':
    resolution: {integrity: sha512-be6Yx37b24ZwxQ+wOQXXLZqpq4jTckJhtGlWGZs68TgdKXJgw54lUUoFYrg6Zs/kjzAQwEwYbp8JxZVzZLRepQ==}
    cpu: [arm64]
    os: [linux]

  '@rollup/rollup-linux-powerpc64le-gnu@4.18.0':
    resolution: {integrity: sha512-hNVMQK+qrA9Todu9+wqrXOHxFiD5YmdEi3paj6vP02Kx1hjd2LLYR2eaN7DsEshg09+9uzWi2W18MJDlG0cxJA==}
    cpu: [ppc64]
    os: [linux]

  '@rollup/rollup-linux-riscv64-gnu@4.18.0':
    resolution: {integrity: sha512-ROCM7i+m1NfdrsmvwSzoxp9HFtmKGHEqu5NNDiZWQtXLA8S5HBCkVvKAxJ8U+CVctHwV2Gb5VUaK7UAkzhDjlg==}
    cpu: [riscv64]
    os: [linux]

  '@rollup/rollup-linux-s390x-gnu@4.18.0':
    resolution: {integrity: sha512-0UyyRHyDN42QL+NbqevXIIUnKA47A+45WyasO+y2bGJ1mhQrfrtXUpTxCOrfxCR4esV3/RLYyucGVPiUsO8xjg==}
    cpu: [s390x]
    os: [linux]

  '@rollup/rollup-linux-x64-gnu@4.18.0':
    resolution: {integrity: sha512-xuglR2rBVHA5UsI8h8UbX4VJ470PtGCf5Vpswh7p2ukaqBGFTnsfzxUBetoWBWymHMxbIG0Cmx7Y9qDZzr648w==}
    cpu: [x64]
    os: [linux]

  '@rollup/rollup-linux-x64-musl@4.18.0':
    resolution: {integrity: sha512-LKaqQL9osY/ir2geuLVvRRs+utWUNilzdE90TpyoX0eNqPzWjRm14oMEE+YLve4k/NAqCdPkGYDaDF5Sw+xBfg==}
    cpu: [x64]
    os: [linux]

  '@rollup/rollup-win32-arm64-msvc@4.18.0':
    resolution: {integrity: sha512-7J6TkZQFGo9qBKH0pk2cEVSRhJbL6MtfWxth7Y5YmZs57Pi+4x6c2dStAUvaQkHQLnEQv1jzBUW43GvZW8OFqA==}
    cpu: [arm64]
    os: [win32]

  '@rollup/rollup-win32-ia32-msvc@4.18.0':
    resolution: {integrity: sha512-Txjh+IxBPbkUB9+SXZMpv+b/vnTEtFyfWZgJ6iyCmt2tdx0OF5WhFowLmnh8ENGNpfUlUZkdI//4IEmhwPieNg==}
    cpu: [ia32]
    os: [win32]

  '@rollup/rollup-win32-x64-msvc@4.18.0':
    resolution: {integrity: sha512-UOo5FdvOL0+eIVTgS4tIdbW+TtnBLWg1YBCcU2KWM7nuNwRz9bksDX1bekJJCpu25N1DVWaCwnT39dVQxzqS8g==}
    cpu: [x64]
    os: [win32]

  '@swc/core-darwin-arm64@1.5.7':
    resolution: {integrity: sha512-bZLVHPTpH3h6yhwVl395k0Mtx8v6CGhq5r4KQdAoPbADU974Mauz1b6ViHAJ74O0IVE5vyy7tD3OpkQxL/vMDQ==}
    engines: {node: '>=10'}
    cpu: [arm64]
    os: [darwin]

  '@swc/core-darwin-x64@1.5.7':
    resolution: {integrity: sha512-RpUyu2GsviwTc2qVajPL0l8nf2vKj5wzO3WkLSHAHEJbiUZk83NJrZd1RVbEknIMO7+Uyjh54hEh8R26jSByaw==}
    engines: {node: '>=10'}
    cpu: [x64]
    os: [darwin]

  '@swc/core-linux-arm-gnueabihf@1.5.7':
    resolution: {integrity: sha512-cTZWTnCXLABOuvWiv6nQQM0hP6ZWEkzdgDvztgHI/+u/MvtzJBN5lBQ2lue/9sSFYLMqzqff5EHKlFtrJCA9dQ==}
    engines: {node: '>=10'}
    cpu: [arm]
    os: [linux]

  '@swc/core-linux-arm64-gnu@1.5.7':
    resolution: {integrity: sha512-hoeTJFBiE/IJP30Be7djWF8Q5KVgkbDtjySmvYLg9P94bHg9TJPSQoC72tXx/oXOgXvElDe/GMybru0UxhKx4g==}
    engines: {node: '>=10'}
    cpu: [arm64]
    os: [linux]

  '@swc/core-linux-arm64-musl@1.5.7':
    resolution: {integrity: sha512-+NDhK+IFTiVK1/o7EXdCeF2hEzCiaRSrb9zD7X2Z7inwWlxAntcSuzZW7Y6BRqGQH89KA91qYgwbnjgTQ22PiQ==}
    engines: {node: '>=10'}
    cpu: [arm64]
    os: [linux]

  '@swc/core-linux-x64-gnu@1.5.7':
    resolution: {integrity: sha512-25GXpJmeFxKB+7pbY7YQLhWWjkYlR+kHz5I3j9WRl3Lp4v4UD67OGXwPe+DIcHqcouA1fhLhsgHJWtsaNOMBNg==}
    engines: {node: '>=10'}
    cpu: [x64]
    os: [linux]

  '@swc/core-linux-x64-musl@1.5.7':
    resolution: {integrity: sha512-0VN9Y5EAPBESmSPPsCJzplZHV26akC0sIgd3Hc/7S/1GkSMoeuVL+V9vt+F/cCuzr4VidzSkqftdP3qEIsXSpg==}
    engines: {node: '>=10'}
    cpu: [x64]
    os: [linux]

  '@swc/core-win32-arm64-msvc@1.5.7':
    resolution: {integrity: sha512-RtoNnstBwy5VloNCvmvYNApkTmuCe4sNcoYWpmY7C1+bPR+6SOo8im1G6/FpNem8AR5fcZCmXHWQ+EUmRWJyuA==}
    engines: {node: '>=10'}
    cpu: [arm64]
    os: [win32]

  '@swc/core-win32-ia32-msvc@1.5.7':
    resolution: {integrity: sha512-Xm0TfvcmmspvQg1s4+USL3x8D+YPAfX2JHygvxAnCJ0EHun8cm2zvfNBcsTlnwYb0ybFWXXY129aq1wgFC9TpQ==}
    engines: {node: '>=10'}
    cpu: [ia32]
    os: [win32]

  '@swc/core-win32-x64-msvc@1.5.7':
    resolution: {integrity: sha512-tp43WfJLCsKLQKBmjmY/0vv1slVywR5Q4qKjF5OIY8QijaEW7/8VwPyUyVoJZEnDgv9jKtUTG5PzqtIYPZGnyg==}
    engines: {node: '>=10'}
    cpu: [x64]
    os: [win32]

  '@swc/core@1.5.7':
    resolution: {integrity: sha512-U4qJRBefIJNJDRCCiVtkfa/hpiZ7w0R6kASea+/KLp+vkus3zcLSB8Ub8SvKgTIxjWpwsKcZlPf5nrv4ls46SQ==}
    engines: {node: '>=10'}
    peerDependencies:
      '@swc/helpers': ^0.5.0
    peerDependenciesMeta:
      '@swc/helpers':
        optional: true

  '@swc/counter@0.1.2':
    resolution: {integrity: sha512-9F4ys4C74eSTEUNndnER3VJ15oru2NumfQxS8geE+f3eB5xvfxpWyqE5XlVnxb/R14uoXi6SLbBwwiDSkv+XEw==}

  '@swc/counter@0.1.3':
    resolution: {integrity: sha512-e2BR4lsJkkRlKZ/qCHPw9ZaSxc0MVUd7gtbtaB7aMvHeJVYe8sOB8DBZkP2DtISHGSku9sCK6T6cnY0CtXrOCQ==}

  '@swc/types@0.1.7':
    resolution: {integrity: sha512-scHWahbHF0eyj3JsxG9CFJgFdFNaVQCNAimBlT6PzS3n/HptxqREjsm4OH6AN3lYcffZYSPxXW8ua2BEHp0lJQ==}

  '@types/estree@1.0.5':
    resolution: {integrity: sha512-/kYRxGDLWzHOB7q+wtSUQlFrtcdUccpfy+X+9iMBpHK8QLLhx2wIPYuS5DYtR9Wa/YlZAbIovy7qVdB1Aq6Lyw==}

  '@types/istanbul-lib-coverage@2.0.4':
    resolution: {integrity: sha512-z/QT1XN4K4KYuslS23k62yDIDLwLFkzxOuMplDtObz0+y7VqJCaO2o+SPwHCvLFZh7xazvvoor2tA/hPz9ee7g==}

  ansi-regex@5.0.1:
    resolution: {integrity: sha512-quJQXlTSUGL2LH9SUXo8VwsY4soanhgo6LNSm84E1LBcE8s3O0wpdiRzyR9z/ZZJMlMWv37qOOb9pdJlMUEKFQ==}
    engines: {node: '>=8'}

  ansi-styles@4.3.0:
    resolution: {integrity: sha512-zbB9rCJAT1rbjiVDb2hqKFHNYLxgtk8NURxZ3IZwD3F6NtxbXZQCnnSi1Lkx+IDohdPlFp222wVALIheZJQSEg==}
    engines: {node: '>=8'}

  balanced-match@1.0.2:
    resolution: {integrity: sha512-3oSeUO0TMV67hN1AmbXsK4yaqU7tjiHlbxRDZOpH0KW9+CeX4bRAaX0Anxt0tx2MrpRpWwQaPwIlISEJhYU5Pw==}

  brace-expansion@1.1.11:
    resolution: {integrity: sha512-iCuPHDFgrHX7H2vEI/5xpz07zSHB00TpugqhmYtVmMO6518mCuRMoOYFldEBl0g187ufozdaHgWKcYFb61qGiA==}

  c8@9.1.0:
    resolution: {integrity: sha512-mBWcT5iqNir1zIkzSPyI3NCR9EZCVI3WUD+AVO17MVWTSFNyUueXE82qTeampNtTr+ilN/5Ua3j24LgbCKjDVg==}
    engines: {node: '>=14.14.0'}
    hasBin: true

  cliui@8.0.1:
    resolution: {integrity: sha512-BSeNnyus75C4//NQ9gQt1/csTXyo/8Sb+afLAkzAptFuMsod9HFokGNudZpi/oQV73hnVK+sR+5PVRMd+Dr7YQ==}
    engines: {node: '>=12'}

  color-convert@2.0.1:
    resolution: {integrity: sha512-RRECPsj7iu/xb5oKYcsFHSppFNnsj/52OVTRKb4zP5onXwVF3zVmmToNcOfGC+CRDpfK/U584fMg38ZHCaElKQ==}
    engines: {node: '>=7.0.0'}

  color-name@1.1.4:
    resolution: {integrity: sha512-dOy+3AuW3a2wNbZHIuMZpTcgjGuLU/uBL/ubcZF9OXbDo8ff4O8yVp5Bf0efS8uEoYo5q4Fx7dY9OgQGXgAsQA==}

  concat-map@0.0.1:
    resolution: {integrity: sha512-/Srv4dswyQNBfohGpz9o6Yb3Gz3SrUDqBH5rTuhGR7ahtlbYKnVxw2bCFMRljaA7EXHaXZ8wsHdodFvbkhKmqg==}

  convert-source-map@1.9.0:
    resolution: {integrity: sha512-ASFBup0Mz1uyiIjANan1jzLQami9z1PoYSZCiiYW2FczPbenXc45FZdBZLzOT+r6+iciuEModtmCti+hjaAk0A==}

  cross-spawn@7.0.3:
    resolution: {integrity: sha512-iRDPJKUPVEND7dHPO8rkbOnPpyDygcDFtWjpeWNCgy8WP2rXcxXL8TskReQl6OrB2G7+UJrags1q15Fudc7G6w==}
    engines: {node: '>= 8'}

  denolint@2.0.14:
    resolution: {integrity: sha512-riWSx6EQYSBbGVU733fXAjmh3Qo/Y8GwDnBiDJ9MNSAt04CXhy8XtPt5k9kxiQ4/DWQqixCjGFmvqW8UuTLsTg==}
    engines: {node: '>= 12'}

  emoji-regex@8.0.0:
    resolution: {integrity: sha512-MSjYzcWNOA0ewAHpz0MxpYFvwg6yjy1NG3xteoqz644VCo/RPgnr1/GGt+ic3iJTzQ8Eu3TdM14SawnVUmGE6A==}

  escalade@3.1.1:
    resolution: {integrity: sha512-k0er2gUkLf8O0zKJiAhmkTnJlTvINGv7ygDNPbeIsX/TJjGJZHuh9B2UxbsaEkmlEo9MfhrSzmhIlhRlI2GXnw==}
    engines: {node: '>=6'}

  find-up@5.0.0:
    resolution: {integrity: sha512-78/PXT1wlLLDgTzDs7sjq9hzz0vXD+zn+7wypEe4fXQxCmdmqfGsEPQxmiCSQI3ajFV91bVSsvNtrJRiW6nGng==}
    engines: {node: '>=10'}

  foreground-child@3.1.1:
    resolution: {integrity: sha512-TMKDUnIte6bfb5nWv7V/caI169OHgvwjb7V4WkeUvbQQdjr5rWKqHFiKWb/fcOwB+CzBT+qbWjvj+DVwRskpIg==}
    engines: {node: '>=14'}

  fs.realpath@1.0.0:
    resolution: {integrity: sha512-OO0pH2lK6a0hZnAdau5ItzHPI6pUlvI7jMVnxUQRtw4owF2wk8lOSabtGDCTP4Ggrg2MbGnWO9X8K1t4+fGMDw==}

  fsevents@2.3.2:
    resolution: {integrity: sha512-xiqMQR4xAeHTuB9uWm+fFRcIOgKBMiOBP+eXiyT7jsgVCq1bkVygt00oASowB7EdtpOHaaPgKt812P9ab+DDKA==}
    engines: {node: ^8.16.0 || ^10.6.0 || >=11.0.0}
    os: [darwin]

  get-caller-file@2.0.5:
    resolution: {integrity: sha512-DyFP3BM/3YHTQOCUL/w0OZHR0lpKeGrxotcHWcqNEdnltqFwXVfhEBQ94eIo34AfQpo0rGki4cyIiftY06h2Fg==}
    engines: {node: 6.* || 8.* || >= 10.*}

  glob@7.2.3:
    resolution: {integrity: sha512-nFR0zLpU2YCaRxwoCJvL6UvCH2JFyFVIvwTLsIf21AuHlMskA1hhTdk+LlYJtOlYt9v6dvszD2BGRqBL+iQK9Q==}
    deprecated: Glob versions prior to v9 are no longer supported

  has-flag@4.0.0:
    resolution: {integrity: sha512-EykJT/Q1KjTWctppgIAgfSO0tKVuZUjhgMr17kqTumMl6Afv3EISleU7qZUzoXDFTAHTDC4NOoG/ZxU3EvlMPQ==}
    engines: {node: '>=8'}

  html-escaper@2.0.2:
    resolution: {integrity: sha512-H2iMtd0I4Mt5eYiapRdIDjp+XzelXQ0tFE4JS7YFwFevXXMmOp9myNrUvCg0D6ws8iqkRPBfKHgbwig1SmlLfg==}

  inflight@1.0.6:
    resolution: {integrity: sha512-k92I/b08q4wvFscXCLvqfsHCrjrF7yiXsQuIVvVE7N82W3+aqpzuUdBbfhWcy/FZR3/4IgflMgKLOsvPDrGCJA==}
    deprecated: This module is not supported, and leaks memory. Do not use it. Check out lru-cache if you want a good and tested way to coalesce async requests by a key value, which is much more comprehensive and powerful.

  inherits@2.0.4:
    resolution: {integrity: sha512-k/vGaX4/Yla3WzyMCvTQOXYeIHvqOKtnqBduzTHpzpQZzAskKMhZ2K+EnBiSM9zGSoIFeMpXKxa4dYeZIQqewQ==}

  is-fullwidth-code-point@3.0.0:
    resolution: {integrity: sha512-zymm5+u+sCsSWyD9qNaejV3DFvhCKclKdizYaJUuHA83RLjb7nSuGnddCHGv0hk+KY7BMAlsWeK4Ueg6EV6XQg==}
    engines: {node: '>=8'}

  isexe@2.0.0:
    resolution: {integrity: sha512-RHxMLp9lnKHGHRng9QFhRCMbYAcVpn69smSGcq3f36xjgVVWThj4qqLbTLlq7Ssj8B+fIQ1EuCEGI2lKsyQeIw==}

  istanbul-lib-coverage@3.2.0:
    resolution: {integrity: sha512-eOeJ5BHCmHYvQK7xt9GkdHuzuCGS1Y6g9Gvnx3Ym33fz/HpLRYxiS0wHNr+m/MBC8B647Xt608vCDEvhl9c6Mw==}
    engines: {node: '>=8'}

  istanbul-lib-report@3.0.1:
    resolution: {integrity: sha512-GCfE1mtsHGOELCU8e/Z7YWzpmybrx/+dSTfLrvY8qRmaY6zXTKWn6WQIjaAFw069icm6GVMNkgu0NzI4iPZUNw==}
    engines: {node: '>=10'}

  istanbul-reports@3.1.6:
    resolution: {integrity: sha512-TLgnMkKg3iTDsQ9PbPTdpfAK2DzjF9mqUG7RMgcQl8oFjad8ob4laGxv5XV5U9MAfx8D6tSJiUyuAwzLicaxlg==}
    engines: {node: '>=8'}

  locate-path@6.0.0:
    resolution: {integrity: sha512-iPZK6eYjbxRu3uB4/WZ3EsEIMJFMqAoopl3R+zuq0UjcAm/MO6KCweDgPfP3elTztoKP3KtnVHxTn2NHBSDVUw==}
    engines: {node: '>=10'}

  lru-cache@6.0.0:
    resolution: {integrity: sha512-Jo6dJ04CmSjuznwJSS3pUeWmd/H0ffTlkXXgwZi+eq1UCmqQwCh+eLsYOYCwY991i2Fah4h1BEMCx4qThGbsiA==}
    engines: {node: '>=10'}

  make-dir@4.0.0:
    resolution: {integrity: sha512-hXdUTZYIVOt1Ex//jAQi+wTZZpUpwBj/0QsOzqegb3rGMMeJiSEu5xLHnYfBrRV4RH2+OCSOO95Is/7x1WJ4bw==}
    engines: {node: '>=10'}

  minimatch@3.1.2:
    resolution: {integrity: sha512-J7p63hRiAjw1NDEww1W7i37+ByIrOWO5XQQAzZ3VOcL0PNybwpfmV/N05zFAzwQ9USyEcX6t3UO+K5aqBQOIHw==}

  once@1.4.0:
    resolution: {integrity: sha512-lNaJgI+2Q5URQBkccEKHTQOPaXdUxnZZElQTZY0MFUAuaEqe1E+Nyvgdz/aIyNi6Z9MzO5dv1H8n58/GELp3+w==}

  p-limit@3.1.0:
    resolution: {integrity: sha512-TYOanM3wGwNGsZN2cVTYPArw454xnXj5qmWF1bEoAc4+cU/ol7GVh7odevjp1FNHduHc3KZMcFduxU5Xc6uJRQ==}
    engines: {node: '>=10'}

  p-locate@5.0.0:
    resolution: {integrity: sha512-LaNjtRWUBY++zB5nE/NwcaoMylSPk+S+ZHNB1TzdbMJMny6dynpAGt7X/tl/QYq3TIeE6nxHppbo2LGymrG5Pw==}
    engines: {node: '>=10'}

  path-exists@4.0.0:
    resolution: {integrity: sha512-ak9Qy5Q7jYb2Wwcey5Fpvg2KoAc/ZIhLSLOSBmRmygPsGwkVVt0fZa0qrtMz+m6tJTAHfZQ8FnmB4MG4LWy7/w==}
    engines: {node: '>=8'}

  path-is-absolute@1.0.1:
    resolution: {integrity: sha512-AVbw3UJ2e9bq64vSaS9Am0fje1Pa8pbGqTTsmXfaIiMpnr5DlDhfJOuLj9Sf95ZPVDAUerDfEk88MPmPe7UCQg==}
    engines: {node: '>=0.10.0'}

  path-key@3.1.1:
    resolution: {integrity: sha512-ojmeN0qd+y0jszEtoY48r0Peq5dwMEkIlCOu6Q5f41lfkswXuKtYrhgoTpLnyIcHm24Uhqx+5Tqm2InSwLhE6Q==}
    engines: {node: '>=8'}

  require-directory@2.1.1:
    resolution: {integrity: sha512-fGxEI7+wsG9xrvdjsrlmL22OMTTiHRwAMroiEeMgq8gzoLC/PQr7RsRDSTLUg/bZAZtF+TVIkHc6/4RIKrui+Q==}
    engines: {node: '>=0.10.0'}

  rollup@4.18.0:
    resolution: {integrity: sha512-QmJz14PX3rzbJCN1SG4Xe/bAAX2a6NpCP8ab2vfu2GiUr8AQcr2nCV/oEO3yneFarB67zk8ShlIyWb2LGTb3Sg==}
    engines: {node: '>=18.0.0', npm: '>=8.0.0'}
    hasBin: true

  semver@7.5.4:
    resolution: {integrity: sha512-1bCSESV6Pv+i21Hvpxp3Dx+pSD8lIPt8uVjRrxAUt/nbswYc+tK6Y2btiULjd4+fnq15PX+nqQDC7Oft7WkwcA==}
    engines: {node: '>=10'}
    hasBin: true

  shebang-command@2.0.0:
    resolution: {integrity: sha512-kHxr2zZpYtdmrN1qDjrrX/Z1rR1kG8Dx+gkpK1G4eXmvXswmcE1hTWBWYUzlraYw1/yZp6YuDY77YtvbN0dmDA==}
    engines: {node: '>=8'}

  shebang-regex@3.0.0:
    resolution: {integrity: sha512-7++dFhtcx3353uBaq8DDR4NuxBetBzC7ZQOhmTQInHEd6bSrXdiEyzCvG07Z44UYdLShWUyXt5M/yhz8ekcb1A==}
    engines: {node: '>=8'}

  signal-exit@4.1.0:
    resolution: {integrity: sha512-bzyZ1e88w9O1iNJbKnOlvYTrWPDl46O1bG0D3XInv+9tkPrxrN8jUUTiFlDkkmKWgn1M6CfIA13SuGqOa9Korw==}
    engines: {node: '>=14'}

  string-width@4.2.3:
    resolution: {integrity: sha512-wKyQRQpjJ0sIp62ErSZdGsjMJWsap5oRNihHhu6G7JVO/9jIB6UyevL+tXuOqrng8j/cxKTWyWUwvSTriiZz/g==}
    engines: {node: '>=8'}

  strip-ansi@6.0.1:
    resolution: {integrity: sha512-Y38VPSHcqkFrCpFnQ9vuSXmquuv5oXOKpGeT6aGrr3o3Gc9AlVa6JBfUSOCnbxGGZF+/0ooI7KrPuUSztUdU5A==}
    engines: {node: '>=8'}

  supports-color@7.2.0:
    resolution: {integrity: sha512-qpCAvRl9stuOHveKsn7HncJRvv501qIacKzQlO/+Lwxc9+0q2wLyv4Dfvt80/DPn2pqOBsJdDiogXGR9+OvwRw==}
    engines: {node: '>=8'}

  tehanu-repo-coco@1.0.1:
    resolution: {integrity: sha512-o99vRIkV3dclvW+KF+EgbrGoXyxxVwSPY2I7nm1MEltG51LvEsnaAoDqwNa6IeCd19UgKipBq2xzZHAYjHbTLg==}
    engines: {node: '>=14.13'}

  tehanu@1.0.1:
    resolution: {integrity: sha512-Ky9M6g/G/b+JI60CRvwLhMsxso8Ki3JQjY0m+p0uFX+3qozTE5EfanAeEp/6fKfeDmJp/8uA4zCCLYYH8zLhyA==}
    engines: {node: '>=12'}

  test-exclude@6.0.0:
    resolution: {integrity: sha512-cAGWPIyOHU6zlmg88jwm7VRyXnMN7iV68OGAbYDk/Mh/xC/pzVPlQtY6ngoIH/5/tciuhGfvESU8GrHrcxD56w==}
    engines: {node: '>=8'}

  v8-to-istanbul@9.0.1:
    resolution: {integrity: sha512-74Y4LqY74kLE6IFyIjPtkSTWzUZmj8tdHT9Ii/26dvQ6K9Dl2NbEfj0XgU2sHCtKgt5VupqhlO/5aWuqS+IY1w==}
    engines: {node: '>=10.12.0'}

  which@2.0.2:
    resolution: {integrity: sha512-BLI3Tl1TW3Pvl70l3yq3Y64i+awpwXqsGBYWkkqMtnbXgrMD+yj7rhW0kuEDxzJaYXGjEW5ogapKNMEKNMjibA==}
    engines: {node: '>= 8'}
    hasBin: true

  wrap-ansi@7.0.0:
    resolution: {integrity: sha512-YVGIj2kamLSTxw6NsZjoBxfSwsn0ycdesmc4p+Q21c5zPuZ1pl+NfxVdxPtdHvmNVOQ6XSYG4AUtyt/Fi7D16Q==}
    engines: {node: '>=10'}

  wrappy@1.0.2:
    resolution: {integrity: sha512-l4Sp/DRseor9wL6EvV2+TuQn63dMkPjZ/sp9XkghTEbV9KlPS1xUsZ3u7/IQO4wxtcFB4bgpQPRcR3QCvezPcQ==}

  y18n@5.0.8:
    resolution: {integrity: sha512-0pfFzegeDWJHJIAmTLRP2DwHjdF5s7jo9tuztdQxAhINCdvS+3nGINqPd00AphqJR/0LhANUS6/+7SCb98YOfA==}
    engines: {node: '>=10'}

  yallist@4.0.0:
    resolution: {integrity: sha512-3wdGidZyq5PB084XLES5TpOSRA3wjXAlIWMhum2kRcv/41Sn2emQ0dycQW4uZXLejwKvg6EsvbdlVL+FYEct7A==}

  yargs-parser@21.1.1:
    resolution: {integrity: sha512-tVpsJW7DdjecAiFpbIB1e3qxIQsE6NoPc5/eTdrbbIC4h0LVsWhnoa3g+m2HclBIujHzsxZ4VJVA+GUuc2/LBw==}
    engines: {node: '>=12'}

  yargs@17.7.2:
    resolution: {integrity: sha512-7dSzzRQ++CKnNI/krKnYRV7JKKPUXMEh61soaHKg9mrWEhzFWhFnxPxGl+69cD1Ou63C13NUPCnmIcrvqCuM6w==}
    engines: {node: '>=12'}

  yocto-queue@0.1.0:
    resolution: {integrity: sha512-rVksvsnNCdJ/ohGc6xgPwyN8eheCxsiLM8mxuE/t/mOVqJewPuO1miLpTHQiRgTKCLexL4MeAFVagts7HmNZ2Q==}
    engines: {node: '>=10'}

snapshots:

  '@bcoe/v8-coverage@0.2.3': {}

  '@denolint/denolint-darwin-arm64@2.0.14':
    optional: true

  '@denolint/denolint-darwin-x64@2.0.14':
    optional: true

  '@denolint/denolint-freebsd-x64@2.0.14':
    optional: true

  '@denolint/denolint-linux-arm-gnueabihf@2.0.14':
    optional: true

  '@denolint/denolint-linux-arm64-gnu@2.0.14':
    optional: true

  '@denolint/denolint-linux-x64-gnu@2.0.14':
    optional: true

  '@denolint/denolint-linux-x64-musl@2.0.14':
    optional: true

  '@denolint/denolint-win32-arm64-msvc@2.0.14':
    optional: true

  '@denolint/denolint-win32-ia32-msvc@2.0.14':
    optional: true

  '@denolint/denolint-win32-x64-msvc@2.0.14':
    optional: true

  '@istanbuljs/schema@0.1.3': {}

  '@jridgewell/resolve-uri@3.1.0': {}

  '@jridgewell/sourcemap-codec@1.4.14': {}

  '@jridgewell/trace-mapping@0.3.17':
    dependencies:
      '@jridgewell/resolve-uri': 3.1.0
      '@jridgewell/sourcemap-codec': 1.4.14

  '@rollup/rollup-android-arm-eabi@4.18.0':
    optional: true

  '@rollup/rollup-android-arm64@4.18.0':
    optional: true

  '@rollup/rollup-darwin-arm64@4.18.0':
    optional: true

  '@rollup/rollup-darwin-x64@4.18.0':
    optional: true

  '@rollup/rollup-linux-arm-gnueabihf@4.18.0':
    optional: true

  '@rollup/rollup-linux-arm-musleabihf@4.18.0':
    optional: true

  '@rollup/rollup-linux-arm64-gnu@4.18.0':
    optional: true

  '@rollup/rollup-linux-arm64-musl@4.18.0':
    optional: true

  '@rollup/rollup-linux-powerpc64le-gnu@4.18.0':
    optional: true

  '@rollup/rollup-linux-riscv64-gnu@4.18.0':
    optional: true

  '@rollup/rollup-linux-s390x-gnu@4.18.0':
    optional: true

  '@rollup/rollup-linux-x64-gnu@4.18.0':
    optional: true

  '@rollup/rollup-linux-x64-musl@4.18.0':
    optional: true

  '@rollup/rollup-win32-arm64-msvc@4.18.0':
    optional: true

  '@rollup/rollup-win32-ia32-msvc@4.18.0':
    optional: true

  '@rollup/rollup-win32-x64-msvc@4.18.0':
    optional: true

  '@swc/core-darwin-arm64@1.5.7':
    optional: true

  '@swc/core-darwin-x64@1.5.7':
    optional: true

  '@swc/core-linux-arm-gnueabihf@1.5.7':
    optional: true

  '@swc/core-linux-arm64-gnu@1.5.7':
    optional: true

  '@swc/core-linux-arm64-musl@1.5.7':
    optional: true

  '@swc/core-linux-x64-gnu@1.5.7':
    optional: true

  '@swc/core-linux-x64-musl@1.5.7':
    optional: true

  '@swc/core-win32-arm64-msvc@1.5.7':
    optional: true

  '@swc/core-win32-ia32-msvc@1.5.7':
    optional: true

  '@swc/core-win32-x64-msvc@1.5.7':
    optional: true

  '@swc/core@1.5.7':
    dependencies:
      '@swc/counter': 0.1.2
      '@swc/types': 0.1.7
    optionalDependencies:
      '@swc/core-darwin-arm64': 1.5.7
      '@swc/core-darwin-x64': 1.5.7
      '@swc/core-linux-arm-gnueabihf': 1.5.7
      '@swc/core-linux-arm64-gnu': 1.5.7
      '@swc/core-linux-arm64-musl': 1.5.7
      '@swc/core-linux-x64-gnu': 1.5.7
      '@swc/core-linux-x64-musl': 1.5.7
      '@swc/core-win32-arm64-msvc': 1.5.7
      '@swc/core-win32-ia32-msvc': 1.5.7
      '@swc/core-win32-x64-msvc': 1.5.7

  '@swc/counter@0.1.2': {}

  '@swc/counter@0.1.3': {}

  '@swc/types@0.1.7':
    dependencies:
      '@swc/counter': 0.1.3

  '@types/estree@1.0.5': {}

  '@types/istanbul-lib-coverage@2.0.4': {}

  ansi-regex@5.0.1: {}

  ansi-styles@4.3.0:
    dependencies:
      color-convert: 2.0.1

  balanced-match@1.0.2: {}

  brace-expansion@1.1.11:
    dependencies:
      balanced-match: 1.0.2
      concat-map: 0.0.1

  c8@9.1.0:
    dependencies:
      '@bcoe/v8-coverage': 0.2.3
      '@istanbuljs/schema': 0.1.3
      find-up: 5.0.0
      foreground-child: 3.1.1
      istanbul-lib-coverage: 3.2.0
      istanbul-lib-report: 3.0.1
      istanbul-reports: 3.1.6
      test-exclude: 6.0.0
      v8-to-istanbul: 9.0.1
      yargs: 17.7.2
      yargs-parser: 21.1.1

  cliui@8.0.1:
    dependencies:
      string-width: 4.2.3
      strip-ansi: 6.0.1
      wrap-ansi: 7.0.0

  color-convert@2.0.1:
    dependencies:
      color-name: 1.1.4

  color-name@1.1.4: {}

  concat-map@0.0.1: {}

  convert-source-map@1.9.0: {}

  cross-spawn@7.0.3:
    dependencies:
      path-key: 3.1.1
      shebang-command: 2.0.0
      which: 2.0.2

  denolint@2.0.14:
    optionalDependencies:
      '@denolint/denolint-darwin-arm64': 2.0.14
      '@denolint/denolint-darwin-x64': 2.0.14
      '@denolint/denolint-freebsd-x64': 2.0.14
      '@denolint/denolint-linux-arm-gnueabihf': 2.0.14
      '@denolint/denolint-linux-arm64-gnu': 2.0.14
      '@denolint/denolint-linux-x64-gnu': 2.0.14
      '@denolint/denolint-linux-x64-musl': 2.0.14
      '@denolint/denolint-win32-arm64-msvc': 2.0.14
      '@denolint/denolint-win32-ia32-msvc': 2.0.14
      '@denolint/denolint-win32-x64-msvc': 2.0.14

  emoji-regex@8.0.0: {}

  escalade@3.1.1: {}

  find-up@5.0.0:
    dependencies:
      locate-path: 6.0.0
      path-exists: 4.0.0

  foreground-child@3.1.1:
    dependencies:
      cross-spawn: 7.0.3
      signal-exit: 4.1.0

  fs.realpath@1.0.0: {}

  fsevents@2.3.2:
    optional: true

  get-caller-file@2.0.5: {}

  glob@7.2.3:
    dependencies:
      fs.realpath: 1.0.0
      inflight: 1.0.6
      inherits: 2.0.4
      minimatch: 3.1.2
      once: 1.4.0
      path-is-absolute: 1.0.1

  has-flag@4.0.0: {}

  html-escaper@2.0.2: {}

  inflight@1.0.6:
    dependencies:
      once: 1.4.0
      wrappy: 1.0.2

  inherits@2.0.4: {}

  is-fullwidth-code-point@3.0.0: {}

  isexe@2.0.0: {}

  istanbul-lib-coverage@3.2.0: {}

  istanbul-lib-report@3.0.1:
    dependencies:
      istanbul-lib-coverage: 3.2.0
      make-dir: 4.0.0
      supports-color: 7.2.0

  istanbul-reports@3.1.6:
    dependencies:
      html-escaper: 2.0.2
      istanbul-lib-report: 3.0.1

  locate-path@6.0.0:
    dependencies:
      p-locate: 5.0.0

  lru-cache@6.0.0:
    dependencies:
      yallist: 4.0.0

  make-dir@4.0.0:
    dependencies:
      semver: 7.5.4

  minimatch@3.1.2:
    dependencies:
      brace-expansion: 1.1.11

  once@1.4.0:
    dependencies:
      wrappy: 1.0.2

  p-limit@3.1.0:
    dependencies:
      yocto-queue: 0.1.0

  p-locate@5.0.0:
    dependencies:
      p-limit: 3.1.0

  path-exists@4.0.0: {}

  path-is-absolute@1.0.1: {}

  path-key@3.1.1: {}

  require-directory@2.1.1: {}

  rollup@4.18.0:
    dependencies:
      '@types/estree': 1.0.5
    optionalDependencies:
      '@rollup/rollup-android-arm-eabi': 4.18.0
      '@rollup/rollup-android-arm64': 4.18.0
      '@rollup/rollup-darwin-arm64': 4.18.0
      '@rollup/rollup-darwin-x64': 4.18.0
      '@rollup/rollup-linux-arm-gnueabihf': 4.18.0
      '@rollup/rollup-linux-arm-musleabihf': 4.18.0
      '@rollup/rollup-linux-arm64-gnu': 4.18.0
      '@rollup/rollup-linux-arm64-musl': 4.18.0
      '@rollup/rollup-linux-powerpc64le-gnu': 4.18.0
      '@rollup/rollup-linux-riscv64-gnu': 4.18.0
      '@rollup/rollup-linux-s390x-gnu': 4.18.0
      '@rollup/rollup-linux-x64-gnu': 4.18.0
      '@rollup/rollup-linux-x64-musl': 4.18.0
      '@rollup/rollup-win32-arm64-msvc': 4.18.0
      '@rollup/rollup-win32-ia32-msvc': 4.18.0
      '@rollup/rollup-win32-x64-msvc': 4.18.0
      fsevents: 2.3.2

  semver@7.5.4:
    dependencies:
      lru-cache: 6.0.0

  shebang-command@2.0.0:
    dependencies:
      shebang-regex: 3.0.0

  shebang-regex@3.0.0: {}

  signal-exit@4.1.0: {}

  string-width@4.2.3:
    dependencies:
      emoji-regex: 8.0.0
      is-fullwidth-code-point: 3.0.0
      strip-ansi: 6.0.1

  strip-ansi@6.0.1:
    dependencies:
      ansi-regex: 5.0.1

  supports-color@7.2.0:
    dependencies:
      has-flag: 4.0.0

  tehanu-repo-coco@1.0.1: {}

  tehanu@1.0.1: {}

  test-exclude@6.0.0:
    dependencies:
      '@istanbuljs/schema': 0.1.3
      glob: 7.2.3
      minimatch: 3.1.2

  v8-to-istanbul@9.0.1:
    dependencies:
      '@jridgewell/trace-mapping': 0.3.17
      '@types/istanbul-lib-coverage': 2.0.4
      convert-source-map: 1.9.0

  which@2.0.2:
    dependencies:
      isexe: 2.0.0

  wrap-ansi@7.0.0:
    dependencies:
      ansi-styles: 4.3.0
      string-width: 4.2.3
      strip-ansi: 6.0.1

  wrappy@1.0.2: {}

  y18n@5.0.8: {}

  yallist@4.0.0: {}

  yargs-parser@21.1.1: {}

  yargs@17.7.2:
    dependencies:
      cliui: 8.0.1
      escalade: 3.1.1
      get-caller-file: 2.0.5
      require-directory: 2.1.1
      string-width: 4.2.3
      y18n: 5.0.8
      yargs-parser: 21.1.1

  yocto-queue@0.1.0: {}
